
Microsoft Visual Studio Solution File, Format Version 12.00
# Visual Studio Version 17
VisualStudioVersion = 17.0.32126.317
MinimumVisualStudioVersion = 10.0.40219.1
Project("{FAE04EC0-301F-11D3-BF4B-00C04F79EFBC}") = "ConsoleApp1", "ConsoleApp1\ConsoleApp1.csproj", "{BBF81134-8368-4ADB-8246-618FA9612C40}"
EndProject
Project("{FAE04EC0-301F-11D3-BF4B-00C04F79EFBC}") = "UnitTestProject1", "UnitTestProject1\UnitTestProject1.csproj", "{532DDDF9-57C3-4773-80A2-7564E5C87C8E}"
EndProject
Global
	GlobalSection(SolutionConfigurationPlatforms) = preSolution
		Debug|Any CPU = Debug|Any CPU
		Release|Any CPU = Release|Any CPU
	EndGlobalSection
	GlobalSection(ProjectConfigurationPlatforms) = postSolution
		{BBF81134-8368-4ADB-8246-618FA9612C40}.Debug|Any CPU.ActiveCfg = Debug|Any CPU
		{BBF81134-8368-4ADB-8246-618FA9612C40}.Debug|Any CPU.Build.0 = Debug|Any CPU
		{BBF81134-8368-4ADB-8246-618FA9612C40}.Release|Any CPU.ActiveCfg = Release|Any CPU
		{BBF81134-8368-4ADB-8246-618FA9612C40}.Release|Any CPU.Build.0 = Release|Any CPU
		{532DDDF9-57C3-4773-80A2-7564E5C87C8E}.Debug|Any CPU.ActiveCfg = Debug|Any CPU
		{532DDDF9-57C3-4773-80A2-7564E5C87C8E}.Debug|Any CPU.Build.0 = Debug|Any CPU
		{532DDDF9-57C3-4773-80A2-7564E5C87C8E}.Release|Any CPU.ActiveCfg = Release|Any CPU
		{532DDDF9-57C3-4773-80A2-7564E5C87C8E}.Release|Any CPU.Build.0 = Release|Any CPU
	EndGlobalSection
	GlobalSection(SolutionProperties) = preSolution
		HideSolutionNode = FALSE
	EndGlobalSection
	GlobalSection(ExtensibilityGlobals) = postSolution
		SolutionGuid = {ECD82AB9-0749-49B9-900F-2C07B4534F65}
	EndGlobalSection
EndGlobal
